
Microsoft Visual Studio Solution File, Format Version 12.00
# Visual Studio Version 16
VisualStudioVersion = 16.0.29306.81
MinimumVisualStudioVersion = 10.0.40219.1
Project("{FAE04EC0-301F-11D3-BF4B-00C04F79EFBC}") = "Geradenberechnung", "Geradenberechnung\Geradenberechnung.csproj", "{0A2F98B4-66A7-4DB0-824A-0BDB55B6D966}"
EndProject
Global
	GlobalSection(SolutionConfigurationPlatforms) = preSolution
		Debug|Any CPU = Debug|Any CPU
		Release|Any CPU = Release|Any CPU
	EndGlobalSection
	GlobalSection(ProjectConfigurationPlatforms) = postSolution
		{0A2F98B4-66A7-4DB0-824A-0BDB55B6D966}.Debug|Any CPU.ActiveCfg = Debug|Any CPU
		{0A2F98B4-66A7-4DB0-824A-0BDB55B6D966}.Debug|Any CPU.Build.0 = Debug|Any CPU
		{0A2F98B4-66A7-4DB0-824A-0BDB55B6D966}.Release|Any CPU.ActiveCfg = Release|Any CPU
		{0A2F98B4-66A7-4DB0-824A-0BDB55B6D966}.Release|Any CPU.Build.0 = Release|Any CPU
	EndGlobalSection
	GlobalSection(SolutionProperties) = preSolution
		HideSolutionNode = FALSE
	EndGlobalSection
	GlobalSection(ExtensibilityGlobals) = postSolution
		SolutionGuid = {FA6F5A1E-49CC-4832-A882-90C3D394CE1E}
	EndGlobalSection
EndGlobal
